<Solution>
  <Folder Name="/src/">
    <Project Path="backend/src/Products.Domain/Products.Domain.csproj" />
    <Project Path="backend/src/Products.Application/Products.Application.csproj" />
    <Project Path="backend/src/Products.Infrastructure/Products.Infrastructure.csproj" />
    <Project Path="backend/src/Products.Api/Products.Api.csproj" />
  </Folder>
  <Folder Name="/tests/">
    <Project Path="backend/tests/Products.UnitTests/Products.UnitTests.csproj" />
    <Project Path="backend/tests/Products.IntegrationTests/Products.IntegrationTests.csproj" />
    <Project Path="backend/tests/Products.AcceptanceTests/Products.AcceptanceTests.csproj" />
    <Project Path="backend/tests/Products.TestSupport/Products.TestSupport.csproj" />
  </Folder>
</Solution>
